
Microsoft Visual Studio Solution File, Format Version 12.00
# Visual Studio Version 16
VisualStudioVersion = 16.0.29209.62
MinimumVisualStudioVersion = 10.0.40219.1
Project("{FAE04EC0-301F-11D3-BF4B-00C04F79EFBC}") = "KiemTra2-nam3ki1", "KiemTra2-nam3ki1\KiemTra2-nam3ki1.csproj", "{5EC48E4B-0110-46F9-9F0E-A7C835EC263C}"
EndProject
Global
	GlobalSection(SolutionConfigurationPlatforms) = preSolution
		Debug|Any CPU = Debug|Any CPU
		Release|Any CPU = Release|Any CPU
	EndGlobalSection
	GlobalSection(ProjectConfigurationPlatforms) = postSolution
		{5EC48E4B-0110-46F9-9F0E-A7C835EC263C}.Debug|Any CPU.ActiveCfg = Debug|Any CPU
		{5EC48E4B-0110-46F9-9F0E-A7C835EC263C}.Debug|Any CPU.Build.0 = Debug|Any CPU
		{5EC48E4B-0110-46F9-9F0E-A7C835EC263C}.Release|Any CPU.ActiveCfg = Release|Any CPU
		{5EC48E4B-0110-46F9-9F0E-A7C835EC263C}.Release|Any CPU.Build.0 = Release|Any CPU
	EndGlobalSection
	GlobalSection(SolutionProperties) = preSolution
		HideSolutionNode = FALSE
	EndGlobalSection
	GlobalSection(ExtensibilityGlobals) = postSolution
		SolutionGuid = {79D405C6-4A7E-4FFD-B975-11F2A62B5DCE}
	EndGlobalSection
EndGlobal
